# THIS IS AN AUTOGENERATED FILE. DO NOT EDIT THIS FILE DIRECTLY.
# yarn lockfile v1


"@types/async@2.0.40":
  version "2.0.40"
  resolved "https://registry.yarnpkg.com/@types/async/-/async-2.0.40.tgz#ac02de68e66c004a61b7cb16df8b1db3a254cca9"

"@types/graphql@^0.9.1":
  version "0.9.4"
  resolved "https://registry.yarnpkg.com/@types/graphql/-/graphql-0.9.4.tgz#cdeb6bcbef9b6c584374b81aa7f48ecf3da404fa"

apollo-cache-core@*:
  version "0.1.0"
  resolved "https://registry.yarnpkg.com/apollo-cache-core/-/apollo-cache-core-0.1.0.tgz#29e7033bc27f306e6d3207d7a08388b4f42488f1"
  dependencies:
    apollo-utilities "*"

apollo-cache-core@^0.2.0-alpha.8:
  version "0.2.0-alpha.11"
  resolved "https://registry.yarnpkg.com/apollo-cache-core/-/apollo-cache-core-0.2.0-alpha.11.tgz#22b5d07ef87017bc68519de7eb92fbf227c25e05"
  dependencies:
    apollo-utilities "^0.2.0-alpha.6"

apollo-cache-inmemory@^0.1.0-0:
  version "0.1.0-0"
  resolved "https://registry.yarnpkg.com/apollo-cache-inmemory/-/apollo-cache-inmemory-0.1.0-0.tgz#0e7f2a3b10023e8333b81e3137de5e1956013e0a"
  dependencies:
    apollo-cache-core "*"
    apollo-utilities "*"
    graphql-anywhere "^4.0.0"

apollo-client@bata:
  version "2.0.0-alpha.23"
  resolved "https://registry.yarnpkg.com/apollo-client/-/apollo-client-2.0.0-alpha.23.tgz#ca5ebe84b4f8ed7113ffe126efc26b8fa1febb44"
  dependencies:
    apollo-cache-core "^0.2.0-alpha.8"
    apollo-link-core "^0.5.4"
    apollo-link-dedup "^0.3.4"
    apollo-utilities "^0.2.0-alpha.6"
    graphql "^0.10.0"
    symbol-observable "^1.0.2"
  optionalDependencies:
    "@types/async" "2.0.40"

apollo-fetch@^0.6.0:
  version "0.6.0"
  resolved "https://registry.yarnpkg.com/apollo-fetch/-/apollo-fetch-0.6.0.tgz#aae9b28c117af344b091ec8ba4d1a5aa0474dc5d"
  dependencies:
    isomorphic-fetch "^2.2.1"

apollo-link-core@^0.5.4:
  version "0.5.4"
  resolved "https://registry.yarnpkg.com/apollo-link-core/-/apollo-link-core-0.5.4.tgz#8efd4cd747959872a32f313f0ccfc2a76b396668"
  dependencies:
    graphql "^0.10.3"
    graphql-tag "^2.4.2"
    zen-observable-ts "^0.4.4"

apollo-link-dedup@^0.3.4:
  version "0.3.4"
  resolved "https://registry.yarnpkg.com/apollo-link-dedup/-/apollo-link-dedup-0.3.4.tgz#0286fe17bb63e67aa9f04d6bb1e15838e5e4d274"
  dependencies:
    apollo-fetch "^0.6.0"
    apollo-link-core "^0.5.4"
    graphql "^0.10.5"

apollo-link-ws@^0.3.4:
  version "0.3.4"
  resolved "https://registry.yarnpkg.com/apollo-link-ws/-/apollo-link-ws-0.3.4.tgz#68860b8a9283df33d75a14c87e04a81d764244bd"
  dependencies:
    apollo-link-core "^0.5.4"
    subscriptions-transport-ws "^0.8.2"

apollo-utilities@*:
  version "0.1.1-1"
  resolved "https://registry.yarnpkg.com/apollo-utilities/-/apollo-utilities-0.1.1-1.tgz#a637c2a5b49e06f20dd9adf7c55ec1ff69a97592"

apollo-utilities@^0.2.0-alpha.6:
  version "0.2.0-beta.0"
  resolved "https://registry.yarnpkg.com/apollo-utilities/-/apollo-utilities-0.2.0-beta.0.tgz#0a48f3f8fd795ae95f496f2a16a8e4cba650e310"

backo2@^1.0.2:
  version "1.0.2"
  resolved "https://registry.yarnpkg.com/backo2/-/backo2-1.0.2.tgz#31ab1ac8b129363463e35b3ebb69f4dfcfba7947"

encoding@^0.1.11:
  version "0.1.12"
  resolved "https://registry.yarnpkg.com/encoding/-/encoding-0.1.12.tgz#538b66f3ee62cd1ab51ec323829d1f9480c74beb"
  dependencies:
    iconv-lite "~0.4.13"

es6-promise@^4.0.5:
  version "4.1.1"
  resolved "https://registry.yarnpkg.com/es6-promise/-/es6-promise-4.1.1.tgz#8811e90915d9a0dba36274f0b242dbda78f9c92a"

eventemitter3@^2.0.3:
  version "2.0.3"
  resolved "https://registry.yarnpkg.com/eventemitter3/-/eventemitter3-2.0.3.tgz#b5e1079b59fb5e1ba2771c0a993be060a58c99ba"

graphql-anywhere@^4.0.0:
  version "4.0.0-0"
  resolved "https://registry.yarnpkg.com/graphql-anywhere/-/graphql-anywhere-4.0.0-0.tgz#4925da497d766355f81c16f4446115bb91df75c1"
  dependencies:
    apollo-utilities "*"

graphql-subscriptions@^0.4.4:
  version "0.4.4"
  resolved "https://registry.yarnpkg.com/graphql-subscriptions/-/graphql-subscriptions-0.4.4.tgz#39cff32d08dd3c990113864bab77154403727e9b"
  dependencies:
    "@types/graphql" "^0.9.1"
    es6-promise "^4.0.5"
    iterall "^1.1.1"

graphql-tag@^2.4.2:
  version "2.4.2"
  resolved "https://registry.yarnpkg.com/graphql-tag/-/graphql-tag-2.4.2.tgz#6a63297d8522d03a2b72d26f1b239aab343840cd"

graphql@^0.10.0, graphql@^0.10.3, graphql@^0.10.5:
  version "0.10.5"
  resolved "https://registry.yarnpkg.com/graphql/-/graphql-0.10.5.tgz#c9be17ca2bdfdbd134077ffd9bbaa48b8becd298"
  dependencies:
    iterall "^1.1.0"

iconv-lite@~0.4.13:
  version "0.4.19"
  resolved "https://registry.yarnpkg.com/iconv-lite/-/iconv-lite-0.4.19.tgz#f7468f60135f5e5dad3399c0a81be9a1603a082b"

is-stream@^1.0.1:
  version "1.1.0"
  resolved "https://registry.yarnpkg.com/is-stream/-/is-stream-1.1.0.tgz#12d4a3dd4e68e0b79ceb8dbc84173ae80d91ca44"

isomorphic-fetch@^2.2.1:
  version "2.2.1"
  resolved "https://registry.yarnpkg.com/isomorphic-fetch/-/isomorphic-fetch-2.2.1.tgz#611ae1acf14f5e81f729507472819fe9733558a9"
  dependencies:
    node-fetch "^1.0.1"
    whatwg-fetch ">=0.10.0"

iterall@^1.1.0, iterall@^1.1.1:
  version "1.1.1"
  resolved "https://registry.yarnpkg.com/iterall/-/iterall-1.1.1.tgz#f7f0af11e9a04ec6426260f5019d9fcca4d50214"

lodash.assign@^4.2.0:
  version "4.2.0"
  resolved "https://registry.yarnpkg.com/lodash.assign/-/lodash.assign-4.2.0.tgz#0d99f3ccd7a6d261d19bdaeb9245005d285808e7"

lodash.isobject@^3.0.2:
  version "3.0.2"
  resolved "https://registry.yarnpkg.com/lodash.isobject/-/lodash.isobject-3.0.2.tgz#3c8fb8d5b5bf4bf90ae06e14f2a530a4ed935e1d"

lodash.isstring@^4.0.1:
  version "4.0.1"
  resolved "https://registry.yarnpkg.com/lodash.isstring/-/lodash.isstring-4.0.1.tgz#d527dfb5456eca7cc9bb95d5daeaf88ba54a5451"

node-fetch@^1.0.1:
  version "1.7.3"
  resolved "https://registry.yarnpkg.com/node-fetch/-/node-fetch-1.7.3.tgz#980f6f72d85211a5347c6b2bc18c5b84c3eb47ef"
  dependencies:
    encoding "^0.1.11"
    is-stream "^1.0.1"

safe-buffer@~5.1.0:
  version "5.1.1"
  resolved "https://registry.yarnpkg.com/safe-buffer/-/safe-buffer-5.1.1.tgz#893312af69b2123def71f57889001671eeb2c853"

subscriptions-transport-ws@^0.8.2:
  version "0.8.3"
  resolved "https://registry.yarnpkg.com/subscriptions-transport-ws/-/subscriptions-transport-ws-0.8.3.tgz#d4b22db7f5951bd30e7c6f4dc4774d34ed9f1751"
  dependencies:
    backo2 "^1.0.2"
    eventemitter3 "^2.0.3"
    graphql-subscriptions "^0.4.4"
    graphql-tag "^2.4.2"
    iterall "^1.1.1"
    lodash.assign "^4.2.0"
    lodash.isobject "^3.0.2"
    lodash.isstring "^4.0.1"
    symbol-observable "^1.0.4"
    ws "^3.0.0"

symbol-observable@^1.0.2, symbol-observable@^1.0.4:
  version "1.0.4"
  resolved "https://registry.yarnpkg.com/symbol-observable/-/symbol-observable-1.0.4.tgz#29bf615d4aa7121bdd898b22d4b3f9bc4e2aa03d"

ultron@~1.1.0:
  version "1.1.0"
  resolved "https://registry.yarnpkg.com/ultron/-/ultron-1.1.0.tgz#b07a2e6a541a815fc6a34ccd4533baec307ca864"

whatwg-fetch@>=0.10.0:
  version "2.0.3"
  resolved "https://registry.yarnpkg.com/whatwg-fetch/-/whatwg-fetch-2.0.3.tgz#9c84ec2dcf68187ff00bc64e1274b442176e1c84"

ws@^3.0.0:
  version "3.1.0"
  resolved "https://registry.yarnpkg.com/ws/-/ws-3.1.0.tgz#8afafecdeab46d572e5397ee880739367aa2f41c"
  dependencies:
    safe-buffer "~5.1.0"
    ultron "~1.1.0"

zen-observable-ts@^0.4.4:
  version "0.4.4"
  resolved "https://registry.yarnpkg.com/zen-observable-ts/-/zen-observable-ts-0.4.4.tgz#c244c71eaebef79a985ccf9895bc90307a6e9712"
